
Microsoft Visual Studio Solution File, Format Version 12.00
# Visual Studio Version 16
VisualStudioVersion = 16.0.31105.61
MinimumVisualStudioVersion = 10.0.40219.1
Project("{FAE04EC0-301F-11D3-BF4B-00C04F79EFBC}") = "HRManagement", "HRManagement\HRManagement.csproj", "{A13F4176-F551-4708-9FB9-6CDBF2BF2DBC}"
EndProject
Global
	GlobalSection(SolutionConfigurationPlatforms) = preSolution
		Debug|Any CPU = Debug|Any CPU
		Release|Any CPU = Release|Any CPU
	EndGlobalSection
	GlobalSection(ProjectConfigurationPlatforms) = postSolution
		{A13F4176-F551-4708-9FB9-6CDBF2BF2DBC}.Debug|Any CPU.ActiveCfg = Debug|Any CPU
		{A13F4176-F551-4708-9FB9-6CDBF2BF2DBC}.Debug|Any CPU.Build.0 = Debug|Any CPU
		{A13F4176-F551-4708-9FB9-6CDBF2BF2DBC}.Release|Any CPU.ActiveCfg = Release|Any CPU
		{A13F4176-F551-4708-9FB9-6CDBF2BF2DBC}.Release|Any CPU.Build.0 = Release|Any CPU
	EndGlobalSection
	GlobalSection(SolutionProperties) = preSolution
		HideSolutionNode = FALSE
	EndGlobalSection
	GlobalSection(ExtensibilityGlobals) = postSolution
		SolutionGuid = {97CC7BA1-3601-4B8E-87A2-5341B28A59FA}
	EndGlobalSection
EndGlobal
